
Microsoft Visual Studio Solution File, Format Version 12.00
# Visual Studio Version 16
VisualStudioVersion = 16.0.30330.147
MinimumVisualStudioVersion = 10.0.40219.1
Project("{FAE04EC0-301F-11D3-BF4B-00C04F79EFBC}") = "без методов", "без методов\без методов.csproj", "{CF1EB56C-EB29-41C9-904D-05D31E40A1BE}"
EndProject
Global
	GlobalSection(SolutionConfigurationPlatforms) = preSolution
		Debug|Any CPU = Debug|Any CPU
		Release|Any CPU = Release|Any CPU
	EndGlobalSection
	GlobalSection(ProjectConfigurationPlatforms) = postSolution
		{CF1EB56C-EB29-41C9-904D-05D31E40A1BE}.Debug|Any CPU.ActiveCfg = Debug|Any CPU
		{CF1EB56C-EB29-41C9-904D-05D31E40A1BE}.Debug|Any CPU.Build.0 = Debug|Any CPU
		{CF1EB56C-EB29-41C9-904D-05D31E40A1BE}.Release|Any CPU.ActiveCfg = Release|Any CPU
		{CF1EB56C-EB29-41C9-904D-05D31E40A1BE}.Release|Any CPU.Build.0 = Release|Any CPU
	EndGlobalSection
	GlobalSection(SolutionProperties) = preSolution
		HideSolutionNode = FALSE
	EndGlobalSection
	GlobalSection(ExtensibilityGlobals) = postSolution
		SolutionGuid = {EB5CC88C-B923-4C41-8736-18F50EAFD95E}
	EndGlobalSection
EndGlobal
